# This file is autogenerated, do not edit; changes may be undone by the next 'dep ensure'.


[[projects]]
  digest = "1:f9ae348e1f793dcf9ed930ed47136a67343dbd6809c5c91391322267f4476892"
  name = "github.com/Microsoft/go-winio"
  packages = ["."]
  pruneopts = "UT"
  revision = "97e4973ce50b2ff5f09635a57e2b88a037aae829"
  version = "v0.4.11"

[[projects]]
  digest = "1:e92f5581902c345eb4ceffdcd4a854fb8f73cf436d47d837d1ec98ef1fe0a214"
  name = "github.com/StackExchange/wmi"
  packages = ["."]
  pruneopts = "UT"
  revision = "5d049714c4a64225c3c79a7cf7d02f7fb5b96338"
  version = "1.0.0"

[[projects]]
  digest = "1:57840705195634873ce9e1fa65d87dd1169352f793e6e3cfb81570b95350a79b"
  name = "github.com/braintree/manners"
  packages = ["."]
  pruneopts = "UT"
  revision = "0b5e6b2c2843f4c83c2a40f96980b09cf4af733c"
  version = "0.4.0"

[[projects]]
  digest = "1:92af3af7106897c682e665f62136f343708e293e62792578a5753af0473c7975"
  name = "github.com/cavaliercoder/grab"
  packages = ["."]
  pruneopts = "UT"
  revision = "2c8601de6d9ac140430fd4c9de28509a0b855af5"
  version = "v2.0.0"

[[projects]]
  branch = "master"
  digest = "1:4ddc17aeaa82cb18c5f0a25d7c253a10682f518f4b2558a82869506eec223d76"
  name = "github.com/docker/distribution"
  packages = [
    "digestset",
    "reference",
  ]
  pruneopts = "UT"
  revision = "b75069ef13a1de846c0cdf964f5917f5b00c1a47"

[[projects]]
  branch = "master"
  digest = "1:e7a14b8ecad894c855d35b978da4284b68174465aea4f3f6dcdcb89dba0df0a1"
  name = "github.com/docker/docker"
  packages = [
    "api",
    "api/types",
    "api/types/blkiodev",
    "api/types/container",
    "api/types/events",
    "api/types/filters",
    "api/types/image",
    "api/types/mount",
    "api/types/network",
    "api/types/registry",
    "api/types/strslice",
    "api/types/swarm",
    "api/types/swarm/runtime",
    "api/types/time",
    "api/types/versions",
    "api/types/volume",
    "client",
    "errdefs",
  ]
  pruneopts = "UT"
  revision = "50e63adf30d33fc1547527a4097c796cbe4b770f"

[[projects]]
  digest = "1:811c86996b1ca46729bad2724d4499014c4b9effd05ef8c71b852aad90deb0ce"
  name = "github.com/docker/go-connections"
  packages = [
    "nat",
    "sockets",
    "tlsconfig",
  ]
  pruneopts = "UT"
  revision = "7395e3f8aa162843a74ed6d48e79627d9792ac55"
  version = "v0.4.0"

[[projects]]
  digest = "1:6f82cacd0af5921e99bf3f46748705239b36489464f4529a1589bc895764fb18"
  name = "github.com/docker/go-units"
  packages = ["."]
  pruneopts = "UT"
  revision = "47565b4f722fb6ceae66b95f853feed578a4a51c"
  version = "v0.3.3"

[[projects]]
  branch = "master"
  digest = "1:38f00d85208f9f51e51063b0b90687d72f3ad61a7b6135d3ab6cb21e7b68dff2"
  name = "github.com/gin-contrib/sse"
  packages = ["."]
  pruneopts = "UT"
  revision = "a7658810eb745c2f22927282dea478278103a897"

[[projects]]
  digest = "1:d5083934eb25e45d17f72ffa86cae3814f4a9d6c073c4f16b64147169b245606"
  name = "github.com/gin-gonic/gin"
  packages = [
    ".",
    "binding",
    "json",
    "render",
  ]
  pruneopts = "UT"
  revision = "b869fe1415e4b9eb52f247441830d502aece2d4d"
  version = "v1.3.0"

[[projects]]
  digest = "1:c96d16a4451e48e2c44b2c3531fd8ec9248d822637f1911a88959ca0bcae4a64"
  name = "github.com/go-ole/go-ole"
  packages = [
    ".",
    "oleutil",
  ]
  pruneopts = "UT"
  revision = "39dc8486bd0952279431257138bc428275b86797"
  version = "v1.2.2"

[[projects]]
  digest = "1:d059a146ab350e553c2687d3e17f198eb5b27c7cf55fe6ba0e2d21349df63388"
  name = "github.com/gogo/protobuf"
  packages = ["proto"]
  pruneopts = "UT"
  revision = "4cbf7e384e768b4e01799441fdf2a706a5635ae7"
  version = "v1.2.0"

[[projects]]
  digest = "1:97df918963298c287643883209a2c3f642e6593379f97ab400c2a2e219ab647d"
  name = "github.com/golang/protobuf"
  packages = ["proto"]
  pruneopts = "UT"
  revision = "aa810b61a9c79d51363740d207bb46cf8e620ed5"
  version = "v1.2.0"

[[projects]]
  digest = "1:7b5c6e2eeaa9ae5907c391a91c132abfd5c9e8a784a341b5625e750c67e6825d"
  name = "github.com/gorilla/websocket"
  packages = ["."]
  pruneopts = "UT"
  revision = "66b9c49e59c6c48f0ffce28c2d8b8a5678502c6d"
  version = "v1.4.0"

[[projects]]
  digest = "1:a3986520f4fa5d398a1407186b1d53e3d56825033dc70c681bd05ca6f47e7c4b"
  name = "github.com/itsjamie/gin-cors"
  packages = ["."]
  pruneopts = "UT"
  revision = "97b4a9da79331dfa2b6d35f4cdd1e50f5148859c"
  version = "1.0.0"

[[projects]]
  digest = "1:3e551bbb3a7c0ab2a2bf4660e7fcad16db089fdcfbb44b0199e62838038623ea"
  name = "github.com/json-iterator/go"
  packages = ["."]
  pruneopts = "UT"
  revision = "1624edc4454b8682399def8740d46db5e4362ba4"
  version = "v1.1.5"

[[projects]]
  digest = "1:9cedee824c21326bd26950bd9e1ffe9dc4e7ca03dc8634d0e6f954ee6a383172"
  name = "github.com/kr/fs"
  packages = ["."]
  pruneopts = "UT"
  revision = "1455def202f6e05b95cc7bfc7e8ae67ae5141eba"
  version = "v0.1.0"

[[projects]]
  digest = "1:29d28429a93b076908a36420a7ecb2bf429d24c15a4b5e2c220ea00fc84b71af"
  name = "github.com/kr/pty"
  packages = ["."]
  pruneopts = "UT"
  revision = "db8e3cd836b82e82e0a9c8edc6896967dd31374f"
  version = "v1.1.3"

[[projects]]
  digest = "1:0981502f9816113c9c8c4ac301583841855c8cf4da8c72f696b3ebedf6d0e4e5"
  name = "github.com/mattn/go-isatty"
  packages = ["."]
  pruneopts = "UT"
  revision = "6ca4dbf54d38eea1a992b3c722a76a5d1c4cb25c"
  version = "v0.0.4"

[[projects]]
  digest = "1:33422d238f147d247752996a26574ac48dcf472976eda7f5134015f06bf16563"
  name = "github.com/modern-go/concurrent"
  packages = ["."]
  pruneopts = "UT"
  revision = "bacd9c7ef1dd9b15be4a9909b8ac7a4e313eec94"
  version = "1.0.3"

[[projects]]
  digest = "1:e32bdbdb7c377a07a9a46378290059822efdce5c8d96fe71940d87cb4f918855"
  name = "github.com/modern-go/reflect2"
  packages = ["."]
  pruneopts = "UT"
  revision = "4b7aa43c6742a2c18fdef89dd197aaae7dac7ccd"
  version = "1.0.1"

[[projects]]
  digest = "1:ee4d4af67d93cc7644157882329023ce9a7bcfce956a079069a9405521c7cc8d"
  name = "github.com/opencontainers/go-digest"
  packages = ["."]
  pruneopts = "UT"
  revision = "279bed98673dd5bef374d3b6e4b09e2af76183bf"
  version = "v1.0.0-rc1"

[[projects]]
  digest = "1:11db38d694c130c800d0aefb502fb02519e514dc53d9804ce51d1ad25ec27db6"
  name = "github.com/opencontainers/image-spec"
  packages = [
    "specs-go",
    "specs-go/v1",
  ]
  pruneopts = "UT"
  revision = "d60099175f88c47cd379c4738d158884749ed235"
  version = "v1.0.1"

[[projects]]
  digest = "1:cf31692c14422fa27c83a05292eb5cbe0fb2775972e8f1f8446a71549bd8980b"
  name = "github.com/pkg/errors"
  packages = ["."]
  pruneopts = "UT"
  revision = "ba968bfe8b2f7e042a574c888954fccecfa385b4"
  version = "v0.8.1"

[[projects]]
  digest = "1:98c46dbde8c257608669d6827aacb8c8722d6ea7b4ffd7c4d1ea32ead21bfea9"
  name = "github.com/pkg/sftp"
  packages = ["."]
  pruneopts = "UT"
  revision = "08de04f133f27844173471167014e1a753655ac8"
  version = "v1.8.3"

[[projects]]
  branch = "master"
  digest = "1:8fc8a4a16bb310c7047ad730509d89d94d3802fa6ea23761a81a4dce6a93686e"
  name = "github.com/pufferpanel/apufferi"
  packages = [
    "cache",
    "common",
    "config",
    "http",
    "http/handler",
    "logging",
  ]
  pruneopts = "UT"
  revision = "aae974a8c585a8d8f7571b1b623770c45b34109a"

[[projects]]
  branch = "master"
  digest = "1:d8f55955cb700bcc62017323d92c13271415f915adefbf425ac5a8776211726b"
  name = "github.com/pufferpanel/pufferd"
  packages = [
    "cache",
    "commands",
    "commons",
    "data",
    "environments",
    "errors",
    "httphandlers",
    "install",
    "messages",
    "programs",
    "programs/operations",
    "programs/operations/ops",
    "programs/operations/ops/impl/command",
    "programs/operations/ops/impl/download",
    "programs/operations/ops/impl/mkdir",
    "programs/operations/ops/impl/mojangdl",
    "programs/operations/ops/impl/move",
    "programs/operations/ops/impl/spongeforgedl",
    "programs/operations/ops/impl/writefile",
    "routing",
    "routing/server",
    "routing/template",
    "sftp",
    "shutdown",
    "utils",
  ]
  pruneopts = "UT"
  revision = "9c708fb47cbe35d71911c086e105acfe0b29150f"

[[projects]]
  digest = "1:274f67cb6fed9588ea2521ecdac05a6d62a8c51c074c1fccc6a49a40ba80e925"
  name = "github.com/satori/go.uuid"
  packages = ["."]
  pruneopts = "UT"
  revision = "f58768cc1a7a7e77a3bd49e98cdd21419399b6a3"
  version = "v1.2.0"

[[projects]]
  digest = "1:affb500bedd63a0305fd1cca4b37009592c117cadf2cdfbc7a1c71727c1b20eb"
  name = "github.com/shirou/gopsutil"
  packages = [
    "cpu",
    "host",
    "internal/common",
    "mem",
    "net",
    "process",
  ]
  pruneopts = "UT"
  revision = "071446942108a03a13cf0717275ad3bdbcb691b4"
  version = "v2.19.01"

[[projects]]
  branch = "master"
  digest = "1:99c6a6dab47067c9b898e8c8b13d130c6ab4ffbcc4b7cc6236c2cd0b1e344f5b"
  name = "github.com/shirou/w32"
  packages = ["."]
  pruneopts = "UT"
  revision = "bb4de0191aa41b5507caa14b0650cdbddcd9280b"

[[projects]]
  digest = "1:4887e9e89c80299aa520d718239809fdd2a47a9aa394909b169959bfbc424ddf"
  name = "github.com/ugorji/go"
  packages = ["codec"]
  pruneopts = "UT"
  revision = "8fd0f8d918c8f0b52d0af210a812ba882cc31a1e"
  version = "v1.1.2"

[[projects]]
  branch = "master"
  digest = "1:082c538aa8ca5e086d5d20ec16417e7fca237de2c4146485e02aa09989d0ff38"
  name = "golang.org/x/crypto"
  packages = [
    "curve25519",
    "ed25519",
    "ed25519/internal/edwards25519",
    "internal/chacha20",
    "internal/subtle",
    "poly1305",
    "ssh",
  ]
  pruneopts = "UT"
  revision = "b8fe1690c61389d7d2a8074a507d1d40c5d30448"

[[projects]]
  branch = "master"
  digest = "1:0a004b4ff5794b399b3556e68f0c436a57d5f7e437e740bb16c0b521ceb23fd7"
  name = "golang.org/x/net"
  packages = [
    "internal/socks",
    "proxy",
  ]
  pruneopts = "UT"
  revision = "d26f9f9a57f3fab6a695bec0d84433c2c50f8bbf"

[[projects]]
  branch = "master"
  digest = "1:653cc9ff57cf744d21f74e811af4f330415284bfc291d28f716833618c02c876"
  name = "golang.org/x/sys"
  packages = [
    "unix",
    "windows",
  ]
  pruneopts = "UT"
  revision = "afcc84fd7533758f95a6e93ae710aa945a0b7e73"

[[projects]]
  digest = "1:cbc72c4c4886a918d6ab4b95e347ffe259846260f99ebdd8a198c2331cf2b2e9"
  name = "gopkg.in/go-playground/validator.v8"
  packages = ["."]
  pruneopts = "UT"
  revision = "5f1438d3fca68893a817e4a66806cea46a9e4ebf"
  version = "v8.18.2"

[[projects]]
  digest = "1:4d2e5a73dc1500038e504a8d78b986630e3626dc027bc030ba5c75da257cdb96"
  name = "gopkg.in/yaml.v2"
  packages = ["."]
  pruneopts = "UT"
  revision = "51d6538a90f86fe93ac480b35f37b2be17fef232"
  version = "v2.2.2"

[solve-meta]
  analyzer-name = "dep"
  analyzer-version = 1
  input-imports = [
    "github.com/braintree/manners",
    "github.com/cavaliercoder/grab",
    "github.com/docker/docker/api/types",
    "github.com/docker/docker/api/types/container",
    "github.com/docker/docker/api/types/filters",
    "github.com/docker/docker/api/types/network",
    "github.com/docker/docker/api/types/strslice",
    "github.com/docker/docker/client",
    "github.com/gin-gonic/gin",
    "github.com/gorilla/websocket",
    "github.com/itsjamie/gin-cors",
    "github.com/kr/pty",
    "github.com/pkg/errors",
    "github.com/pkg/sftp",
    "github.com/pufferpanel/apufferi/cache",
    "github.com/pufferpanel/apufferi/common",
    "github.com/pufferpanel/apufferi/config",
    "github.com/pufferpanel/apufferi/http",
    "github.com/pufferpanel/apufferi/http/handler",
    "github.com/pufferpanel/apufferi/logging",
    "github.com/pufferpanel/pufferd/cache",
    "github.com/pufferpanel/pufferd/commands",
    "github.com/pufferpanel/pufferd/commons",
    "github.com/pufferpanel/pufferd/data",
    "github.com/pufferpanel/pufferd/environments",
    "github.com/pufferpanel/pufferd/errors",
    "github.com/pufferpanel/pufferd/httphandlers",
    "github.com/pufferpanel/pufferd/install",
    "github.com/pufferpanel/pufferd/messages",
    "github.com/pufferpanel/pufferd/programs",
    "github.com/pufferpanel/pufferd/programs/operations",
    "github.com/pufferpanel/pufferd/programs/operations/ops",
    "github.com/pufferpanel/pufferd/programs/operations/ops/impl/command",
    "github.com/pufferpanel/pufferd/programs/operations/ops/impl/download",
    "github.com/pufferpanel/pufferd/programs/operations/ops/impl/mkdir",
    "github.com/pufferpanel/pufferd/programs/operations/ops/impl/mojangdl",
    "github.com/pufferpanel/pufferd/programs/operations/ops/impl/move",
    "github.com/pufferpanel/pufferd/programs/operations/ops/impl/spongeforgedl",
    "github.com/pufferpanel/pufferd/programs/operations/ops/impl/writefile",
    "github.com/pufferpanel/pufferd/routing",
    "github.com/pufferpanel/pufferd/routing/server",
    "github.com/pufferpanel/pufferd/routing/template",
    "github.com/pufferpanel/pufferd/sftp",
    "github.com/pufferpanel/pufferd/shutdown",
    "github.com/pufferpanel/pufferd/utils",
    "github.com/satori/go.uuid",
    "github.com/shirou/gopsutil/process",
    "golang.org/x/crypto/ssh",
  ]
  solver-name = "gps-cdcl"
  solver-version = 1
